
Microsoft Visual Studio Solution File, Format Version 12.00
# Visual Studio Version 17
VisualStudioVersion = 17.5.33424.131
MinimumVisualStudioVersion = 10.0.40219.1
Project("{8BC9CEB8-8B4A-11D0-8D11-00A0C91BC942}") = "ClientApp", "ClientApp\ClientApp.vcxproj", "{3A09C39B-3089-46F5-8114-9B42C1E18E20}"
EndProject
Project("{8BC9CEB8-8B4A-11D0-8D11-00A0C91BC942}") = "ServerApp", "ServerApp\ServerApp.vcxproj", "{7C40A814-E884-49C8-83D9-E07D0A32F382}"
EndProject
Project("{8BC9CEB8-8B4A-11D0-8D11-00A0C91BC942}") = "ServerClientAppTests", "ServerClientAppTests\ServerClientAppTests.vcxproj", "{DBE6311A-3A1D-4D2B-8528-0EB5F81E3AE9}"
EndProject
Project("{8BC9CEB8-8B4A-11D0-8D11-00A0C91BC942}") = "ClientAppLibrary", "ClientAppLibrary\ClientAppLibrary.vcxproj", "{C70EF848-064D-4064-9C5E-5543E727B0D9}"
EndProject
Project("{2150E333-8FDC-42A3-9474-1A3956D46DE8}") = "Client", "Client", "{9A11B449-E15F-48B2-A2B5-58342B5BB945}"
EndProject
Project("{8BC9CEB8-8B4A-11D0-8D11-00A0C91BC942}") = "ServerAppLibrary", "ServerAppLibrary\ServerAppLibrary.vcxproj", "{FDEC92ED-1A11-40DB-A6A7-37BA25058C2F}"
EndProject
Project("{2150E333-8FDC-42A3-9474-1A3956D46DE8}") = "Server", "Server", "{984E1FF0-F156-4CD3-802D-0036425C7CDC}"
EndProject
Global
	GlobalSection(SolutionConfigurationPlatforms) = preSolution
		Debug|x64 = Debug|x64
		Debug|x86 = Debug|x86
		Release|x64 = Release|x64
		Release|x86 = Release|x86
	EndGlobalSection
	GlobalSection(ProjectConfigurationPlatforms) = postSolution
		{3A09C39B-3089-46F5-8114-9B42C1E18E20}.Debug|x64.ActiveCfg = Debug|x64
		{3A09C39B-3089-46F5-8114-9B42C1E18E20}.Debug|x64.Build.0 = Debug|x64
		{3A09C39B-3089-46F5-8114-9B42C1E18E20}.Debug|x86.ActiveCfg = Debug|Win32
		{3A09C39B-3089-46F5-8114-9B42C1E18E20}.Debug|x86.Build.0 = Debug|Win32
		{3A09C39B-3089-46F5-8114-9B42C1E18E20}.Release|x64.ActiveCfg = Release|x64
		{3A09C39B-3089-46F5-8114-9B42C1E18E20}.Release|x64.Build.0 = Release|x64
		{3A09C39B-3089-46F5-8114-9B42C1E18E20}.Release|x86.ActiveCfg = Release|Win32
		{3A09C39B-3089-46F5-8114-9B42C1E18E20}.Release|x86.Build.0 = Release|Win32
		{7C40A814-E884-49C8-83D9-E07D0A32F382}.Debug|x64.ActiveCfg = Debug|x64
		{7C40A814-E884-49C8-83D9-E07D0A32F382}.Debug|x64.Build.0 = Debug|x64
		{7C40A814-E884-49C8-83D9-E07D0A32F382}.Debug|x86.ActiveCfg = Debug|Win32
		{7C40A814-E884-49C8-83D9-E07D0A32F382}.Debug|x86.Build.0 = Debug|Win32
		{7C40A814-E884-49C8-83D9-E07D0A32F382}.Release|x64.ActiveCfg = Release|x64
		{7C40A814-E884-49C8-83D9-E07D0A32F382}.Release|x64.Build.0 = Release|x64
		{7C40A814-E884-49C8-83D9-E07D0A32F382}.Release|x86.ActiveCfg = Release|Win32
		{7C40A814-E884-49C8-83D9-E07D0A32F382}.Release|x86.Build.0 = Release|Win32
		{DBE6311A-3A1D-4D2B-8528-0EB5F81E3AE9}.Debug|x64.ActiveCfg = Debug|x64
		{DBE6311A-3A1D-4D2B-8528-0EB5F81E3AE9}.Debug|x64.Build.0 = Debug|x64
		{DBE6311A-3A1D-4D2B-8528-0EB5F81E3AE9}.Debug|x86.ActiveCfg = Debug|Win32
		{DBE6311A-3A1D-4D2B-8528-0EB5F81E3AE9}.Debug|x86.Build.0 = Debug|Win32
		{DBE6311A-3A1D-4D2B-8528-0EB5F81E3AE9}.Release|x64.ActiveCfg = Release|x64
		{DBE6311A-3A1D-4D2B-8528-0EB5F81E3AE9}.Release|x64.Build.0 = Release|x64
		{DBE6311A-3A1D-4D2B-8528-0EB5F81E3AE9}.Release|x86.ActiveCfg = Release|Win32
		{DBE6311A-3A1D-4D2B-8528-0EB5F81E3AE9}.Release|x86.Build.0 = Release|Win32
		{C70EF848-064D-4064-9C5E-5543E727B0D9}.Debug|x64.ActiveCfg = Debug|x64
		{C70EF848-064D-4064-9C5E-5543E727B0D9}.Debug|x64.Build.0 = Debug|x64
		{C70EF848-064D-4064-9C5E-5543E727B0D9}.Debug|x86.ActiveCfg = Debug|Win32
		{C70EF848-064D-4064-9C5E-5543E727B0D9}.Debug|x86.Build.0 = Debug|Win32
		{C70EF848-064D-4064-9C5E-5543E727B0D9}.Release|x64.ActiveCfg = Release|x64
		{C70EF848-064D-4064-9C5E-5543E727B0D9}.Release|x64.Build.0 = Release|x64
		{C70EF848-064D-4064-9C5E-5543E727B0D9}.Release|x86.ActiveCfg = Release|Win32
		{C70EF848-064D-4064-9C5E-5543E727B0D9}.Release|x86.Build.0 = Release|Win32
		{FDEC92ED-1A11-40DB-A6A7-37BA25058C2F}.Debug|x64.ActiveCfg = Debug|x64
		{FDEC92ED-1A11-40DB-A6A7-37BA25058C2F}.Debug|x64.Build.0 = Debug|x64
		{FDEC92ED-1A11-40DB-A6A7-37BA25058C2F}.Debug|x86.ActiveCfg = Debug|Win32
		{FDEC92ED-1A11-40DB-A6A7-37BA25058C2F}.Debug|x86.Build.0 = Debug|Win32
		{FDEC92ED-1A11-40DB-A6A7-37BA25058C2F}.Release|x64.ActiveCfg = Release|x64
		{FDEC92ED-1A11-40DB-A6A7-37BA25058C2F}.Release|x64.Build.0 = Release|x64
		{FDEC92ED-1A11-40DB-A6A7-37BA25058C2F}.Release|x86.ActiveCfg = Release|Win32
		{FDEC92ED-1A11-40DB-A6A7-37BA25058C2F}.Release|x86.Build.0 = Release|Win32
	EndGlobalSection
	GlobalSection(SolutionProperties) = preSolution
		HideSolutionNode = FALSE
	EndGlobalSection
	GlobalSection(NestedProjects) = preSolution
		{3A09C39B-3089-46F5-8114-9B42C1E18E20} = {9A11B449-E15F-48B2-A2B5-58342B5BB945}
		{7C40A814-E884-49C8-83D9-E07D0A32F382} = {984E1FF0-F156-4CD3-802D-0036425C7CDC}
		{C70EF848-064D-4064-9C5E-5543E727B0D9} = {9A11B449-E15F-48B2-A2B5-58342B5BB945}
		{FDEC92ED-1A11-40DB-A6A7-37BA25058C2F} = {984E1FF0-F156-4CD3-802D-0036425C7CDC}
	EndGlobalSection
	GlobalSection(ExtensibilityGlobals) = postSolution
		SolutionGuid = {1A68B77F-49EA-4BA5-8C22-8416F607D877}
	EndGlobalSection
EndGlobal
